
Microsoft Visual Studio Solution File, Format Version 12.00
# Visual Studio Version 17
VisualStudioVersion = 17.0.31903.59
MinimumVisualStudioVersion = 10.0.40219.1
Project("{2150E333-8FDC-42A3-9474-1A3956D46DE8}") = "FrontEnd", "FrontEnd", "{F74A4897-06B5-4CE4-A1A6-3D1101C626A7}"
EndProject
Project("{9A19103F-16F7-4668-BE54-9A1E7A4F7556}") = "Mango.Web", "Mango.Web\Mango.Web.csproj", "{442958E3-F952-4524-9F19-042FB848EBEF}"
EndProject
Project("{2150E333-8FDC-42A3-9474-1A3956D46DE8}") = "Services", "Services", "{D86F8251-B583-4D76-B0B7-A5E40DBA14D9}"
EndProject
Project("{FAE04EC0-301F-11D3-BF4B-00C04F79EFBC}") = "Mango.Services.ProductAPI", "Mango.Services.ProductAPI\Mango.Services.ProductAPI.csproj", "{87F851EF-A030-4ADF-A105-72DE46014BA0}"
EndProject
Global
	GlobalSection(SolutionConfigurationPlatforms) = preSolution
		Debug|Any CPU = Debug|Any CPU
		Release|Any CPU = Release|Any CPU
	EndGlobalSection
	GlobalSection(ProjectConfigurationPlatforms) = postSolution
		{442958E3-F952-4524-9F19-042FB848EBEF}.Debug|Any CPU.ActiveCfg = Debug|Any CPU
		{442958E3-F952-4524-9F19-042FB848EBEF}.Debug|Any CPU.Build.0 = Debug|Any CPU
		{442958E3-F952-4524-9F19-042FB848EBEF}.Release|Any CPU.ActiveCfg = Release|Any CPU
		{442958E3-F952-4524-9F19-042FB848EBEF}.Release|Any CPU.Build.0 = Release|Any CPU
		{87F851EF-A030-4ADF-A105-72DE46014BA0}.Debug|Any CPU.ActiveCfg = Debug|Any CPU
		{87F851EF-A030-4ADF-A105-72DE46014BA0}.Debug|Any CPU.Build.0 = Debug|Any CPU
		{87F851EF-A030-4ADF-A105-72DE46014BA0}.Release|Any CPU.ActiveCfg = Release|Any CPU
		{87F851EF-A030-4ADF-A105-72DE46014BA0}.Release|Any CPU.Build.0 = Release|Any CPU
	EndGlobalSection
	GlobalSection(SolutionProperties) = preSolution
		HideSolutionNode = FALSE
	EndGlobalSection
	GlobalSection(NestedProjects) = preSolution
		{442958E3-F952-4524-9F19-042FB848EBEF} = {F74A4897-06B5-4CE4-A1A6-3D1101C626A7}
		{87F851EF-A030-4ADF-A105-72DE46014BA0} = {D86F8251-B583-4D76-B0B7-A5E40DBA14D9}
	EndGlobalSection
	GlobalSection(ExtensibilityGlobals) = postSolution
		SolutionGuid = {3C3335F8-976D-4851-9122-ED23E758B89D}
	EndGlobalSection
EndGlobal
